{
	"name": "angular-international-phone-input",
	"version": "1.0.0",
	"lockfileVersion": 3,
	"requires": true,
	"packages": {
		"": {
			"name": "angular-international-phone-input",
			"version": "1.0.0",
			"license": "MIT",
			"devDependencies": {
				"@types/google-libphonenumber": "^7.4.17"
			},
			"peerDependencies": {
				"@angular/common": "8.x - 17.x",
				"@angular/core": "8.x - 17.x",
				"@angular/forms": "8.x - 17.x",
				"google-libphonenumber": "^3.2.34",
				"intl-tel-input": "^19.5.3",
				"ngx-bootstrap": "^12.0.0"
			}
		},
		"node_modules/@angular/animations": {
			"version": "17.2.2",
			"resolved": "https://registry.npmjs.org/@angular/animations/-/animations-17.2.2.tgz",
			"integrity": "sha512-ENr35pDVslioJO8zBLo1QClzC7NqTc0Du36UMtWkw3cg+QRLnAZ7zfju5w0O8K7Z3omDtFzgVSPfyS0VDkrXPQ==",
			"peer": true,
			"dependencies": {
				"tslib": "^2.3.0"
			},
			"engines": {
				"node": "^18.13.0 || >=20.9.0"
			},
			"peerDependencies": {
				"@angular/core": "17.2.2"
			}
		},
		"node_modules/@angular/common": {
			"version": "17.2.2",
			"resolved": "https://registry.npmjs.org/@angular/common/-/common-17.2.2.tgz",
			"integrity": "sha512-F2wQj/lYcZUNZuNmuuDb8RK8tU7e1w7IzN8J6nT2gQHq6NiZfYiUL2XrToGtdd/cZjBeYKGiWRBW/PsZzKyC3A==",
			"peer": true,
			"dependencies": {
				"tslib": "^2.3.0"
			},
			"engines": {
				"node": "^18.13.0 || >=20.9.0"
			},
			"peerDependencies": {
				"@angular/core": "17.2.2",
				"rxjs": "^6.5.3 || ^7.4.0"
			}
		},
		"node_modules/@angular/core": {
			"version": "17.2.2",
			"resolved": "https://registry.npmjs.org/@angular/core/-/core-17.2.2.tgz",
			"integrity": "sha512-jXnrOVsA9b34PJN383EOss3ejd5+xUTeijuUy5njPRXpxMxrGjV5gkk0lSxsALRxw2ICax2tMoGmHXfXO1x9gw==",
			"peer": true,
			"dependencies": {
				"tslib": "^2.3.0"
			},
			"engines": {
				"node": "^18.13.0 || >=20.9.0"
			},
			"peerDependencies": {
				"rxjs": "^6.5.3 || ^7.4.0",
				"zone.js": "~0.14.0"
			}
		},
		"node_modules/@angular/forms": {
			"version": "17.2.2",
			"resolved": "https://registry.npmjs.org/@angular/forms/-/forms-17.2.2.tgz",
			"integrity": "sha512-xxy1Khpun2TpSDQch6BK4uHkqIxZvxsBU2LZgo/3W604lKoVjBGKPZqoYFRew2OPeCQ3VjK9P8a8ZhitsLLlKQ==",
			"peer": true,
			"dependencies": {
				"tslib": "^2.3.0"
			},
			"engines": {
				"node": "^18.13.0 || >=20.9.0"
			},
			"peerDependencies": {
				"@angular/common": "17.2.2",
				"@angular/core": "17.2.2",
				"@angular/platform-browser": "17.2.2",
				"rxjs": "^6.5.3 || ^7.4.0"
			}
		},
		"node_modules/@angular/platform-browser": {
			"version": "17.2.2",
			"resolved": "https://registry.npmjs.org/@angular/platform-browser/-/platform-browser-17.2.2.tgz",
			"integrity": "sha512-6AZhQfZpo/apiRKwhy6es1RpoxgCXMR4y7Eo7GvVHpMKBwioWwP2H+qg83ed2xv0/GXIyqZsHjpEjsLPE83uyw==",
			"peer": true,
			"dependencies": {
				"tslib": "^2.3.0"
			},
			"engines": {
				"node": "^18.13.0 || >=20.9.0"
			},
			"peerDependencies": {
				"@angular/animations": "17.2.2",
				"@angular/common": "17.2.2",
				"@angular/core": "17.2.2"
			},
			"peerDependenciesMeta": {
				"@angular/animations": {
					"optional": true
				}
			}
		},
		"node_modules/@types/google-libphonenumber": {
			"version": "7.4.30",
			"resolved": "https://registry.npmjs.org/@types/google-libphonenumber/-/google-libphonenumber-7.4.30.tgz",
			"integrity": "sha512-Td1X1ayRxePEm6/jPHUBs2tT6TzW1lrVB6ZX7ViPGellyzO/0xMNi+wx5nH6jEitjznq276VGIqjK5qAju0XVw==",
			"dev": true
		},
		"node_modules/google-libphonenumber": {
			"version": "3.2.34",
			"resolved": "https://registry.npmjs.org/google-libphonenumber/-/google-libphonenumber-3.2.34.tgz",
			"integrity": "sha512-CLwkp0lZvMywh6dCh0T3Fm8XsfJhLAupc8AECwYkJNQBPW8wQPrv/tV0oFKCs8FMw+pTQyNPZoycgBzYjqtTZQ==",
			"peer": true,
			"engines": {
				"node": ">=0.10"
			}
		},
		"node_modules/intl-tel-input": {
			"version": "19.5.3",
			"resolved": "https://registry.npmjs.org/intl-tel-input/-/intl-tel-input-19.5.3.tgz",
			"integrity": "sha512-lozgP7hGTAHcTD1uVULeRIJm1RXrRU36PCq8chPzvdX8H9eW1n3eUYVi/UxmO+TmqRI+cbqIVOT6OyQlL0NLxw==",
			"peer": true,
			"dependencies": {
				"prop-types": "^15.8.1",
				"react": "^18.2.0",
				"react-dom": "^18.2.0"
			}
		},
		"node_modules/js-tokens": {
			"version": "4.0.0",
			"resolved": "https://registry.npmjs.org/js-tokens/-/js-tokens-4.0.0.tgz",
			"integrity": "sha512-RdJUflcE3cUzKiMqQgsCu06FPu9UdIJO0beYbPhHN4k6apgJtifcoCtT9bcxOpYBtpD2kCM6Sbzg4CausW/PKQ==",
			"peer": true
		},
		"node_modules/loose-envify": {
			"version": "1.4.0",
			"resolved": "https://registry.npmjs.org/loose-envify/-/loose-envify-1.4.0.tgz",
			"integrity": "sha512-lyuxPGr/Wfhrlem2CL/UcnUc1zcqKAImBDzukY7Y5F/yQiNdko6+fRLevlw1HgMySw7f611UIY408EtxRSoK3Q==",
			"peer": true,
			"dependencies": {
				"js-tokens": "^3.0.0 || ^4.0.0"
			},
			"bin": {
				"loose-envify": "cli.js"
			}
		},
		"node_modules/ngx-bootstrap": {
			"version": "12.0.0",
			"resolved": "https://registry.npmjs.org/ngx-bootstrap/-/ngx-bootstrap-12.0.0.tgz",
			"integrity": "sha512-6/Hs+FT6peMc+Y2uiOm3IawG06Jh3gLQwwKRBF0U1OMlRbpx4KIyHS9GpZtMevtZaBsCRNfHKiSxwsnvn9wx0Q==",
			"peer": true,
			"dependencies": {
				"tslib": "^2.3.0"
			},
			"peerDependencies": {
				"@angular/animations": "^17.0.0",
				"@angular/common": "^17.0.0",
				"@angular/core": "^17.0.0",
				"@angular/forms": "^17.0.0",
				"rxjs": "^6.5.3 || ^7.4.0"
			}
		},
		"node_modules/object-assign": {
			"version": "4.1.1",
			"resolved": "https://registry.npmjs.org/object-assign/-/object-assign-4.1.1.tgz",
			"integrity": "sha512-rJgTQnkUnH1sFw8yT6VSU3zD3sWmu6sZhIseY8VX+GRu3P6F7Fu+JNDoXfklElbLJSnc3FUQHVe4cU5hj+BcUg==",
			"peer": true,
			"engines": {
				"node": ">=0.10.0"
			}
		},
		"node_modules/prop-types": {
			"version": "15.8.1",
			"resolved": "https://registry.npmjs.org/prop-types/-/prop-types-15.8.1.tgz",
			"integrity": "sha512-oj87CgZICdulUohogVAR7AjlC0327U4el4L6eAvOqCeudMDVU0NThNaV+b9Df4dXgSP1gXMTnPdhfe/2qDH5cg==",
			"peer": true,
			"dependencies": {
				"loose-envify": "^1.4.0",
				"object-assign": "^4.1.1",
				"react-is": "^16.13.1"
			}
		},
		"node_modules/react": {
			"version": "18.2.0",
			"resolved": "https://registry.npmjs.org/react/-/react-18.2.0.tgz",
			"integrity": "sha512-/3IjMdb2L9QbBdWiW5e3P2/npwMBaU9mHCSCUzNln0ZCYbcfTsGbTJrU/kGemdH2IWmB2ioZ+zkxtmq6g09fGQ==",
			"peer": true,
			"dependencies": {
				"loose-envify": "^1.1.0"
			},
			"engines": {
				"node": ">=0.10.0"
			}
		},
		"node_modules/react-dom": {
			"version": "18.2.0",
			"resolved": "https://registry.npmjs.org/react-dom/-/react-dom-18.2.0.tgz",
			"integrity": "sha512-6IMTriUmvsjHUjNtEDudZfuDQUoWXVxKHhlEGSk81n4YFS+r/Kl99wXiwlVXtPBtJenozv2P+hxDsw9eA7Xo6g==",
			"peer": true,
			"dependencies": {
				"loose-envify": "^1.1.0",
				"scheduler": "^0.23.0"
			},
			"peerDependencies": {
				"react": "^18.2.0"
			}
		},
		"node_modules/react-is": {
			"version": "16.13.1",
			"resolved": "https://registry.npmjs.org/react-is/-/react-is-16.13.1.tgz",
			"integrity": "sha512-24e6ynE2H+OKt4kqsOvNd8kBpV65zoxbA4BVsEOB3ARVWQki/DHzaUoC5KuON/BiccDaCCTZBuOcfZs70kR8bQ==",
			"peer": true
		},
		"node_modules/rxjs": {
			"version": "7.8.1",
			"resolved": "https://registry.npmjs.org/rxjs/-/rxjs-7.8.1.tgz",
			"integrity": "sha512-AA3TVj+0A2iuIoQkWEK/tqFjBq2j+6PO6Y0zJcvzLAFhEFIO3HL0vls9hWLncZbAAbK0mar7oZ4V079I/qPMxg==",
			"peer": true,
			"dependencies": {
				"tslib": "^2.1.0"
			}
		},
		"node_modules/scheduler": {
			"version": "0.23.0",
			"resolved": "https://registry.npmjs.org/scheduler/-/scheduler-0.23.0.tgz",
			"integrity": "sha512-CtuThmgHNg7zIZWAXi3AsyIzA3n4xx7aNyjwC2VJldO2LMVDhFK+63xGqq6CsJH4rTAt6/M+N4GhZiDYPx9eUw==",
			"peer": true,
			"dependencies": {
				"loose-envify": "^1.1.0"
			}
		},
		"node_modules/tslib": {
			"version": "2.6.2",
			"resolved": "https://registry.npmjs.org/tslib/-/tslib-2.6.2.tgz",
			"integrity": "sha512-AEYxH93jGFPn/a2iVAwW87VuUIkR1FVUKB77NwMF7nBTDkDrrT/Hpt/IrCJ0QXhW27jTBDcf5ZY7w6RiqTMw2Q==",
			"peer": true
		},
		"node_modules/zone.js": {
			"version": "0.14.4",
			"resolved": "https://registry.npmjs.org/zone.js/-/zone.js-0.14.4.tgz",
			"integrity": "sha512-NtTUvIlNELez7Q1DzKVIFZBzNb646boQMgpATo9z3Ftuu/gWvzxCW7jdjcUDoRGxRikrhVHB/zLXh1hxeJawvw==",
			"peer": true,
			"dependencies": {
				"tslib": "^2.3.0"
			}
		}
	}
}
